
Microsoft Visual Studio Solution File, Format Version 12.00
# Visual Studio Version 17
VisualStudioVersion = 17.6.33723.286
MinimumVisualStudioVersion = 10.0.40219.1
Project("{2150E333-8FDC-42A3-9474-1A3956D46DE8}") = "Core", "Core", "{18BAC677-B9B7-4967-A63C-69A5D4B5F797}"
EndProject
Project("{2150E333-8FDC-42A3-9474-1A3956D46DE8}") = "Infrastructure", "Infrastructure", "{BA6F9584-5102-4665-A9AB-D30564738340}"
EndProject
Project("{2150E333-8FDC-42A3-9474-1A3956D46DE8}") = "Presentation", "Presentation", "{F5E63B08-5FB2-4AAD-88E4-946510FCC4D9}"
EndProject
Project("{FAE04EC0-301F-11D3-BF4B-00C04F79EFBC}") = "Domain", "Domain\Domain.csproj", "{65FAAE19-F099-44AE-9B07-4FC3D829ACFE}"
EndProject
Project("{FAE04EC0-301F-11D3-BF4B-00C04F79EFBC}") = "Application", "Application\Application.csproj", "{D1B136DA-5310-40BA-BA0F-995454C8B32D}"
EndProject
Project("{FAE04EC0-301F-11D3-BF4B-00C04F79EFBC}") = "Persistence", "Persistence\Persistence.csproj", "{71050CCD-7C74-42D4-BB1A-2C05C9A2A78F}"
EndProject
Project("{FAE04EC0-301F-11D3-BF4B-00C04F79EFBC}") = "Host", "Host\Host.csproj", "{181CDF06-04DA-42CD-9449-D9FF77A452A2}"
EndProject
Global
	GlobalSection(SolutionConfigurationPlatforms) = preSolution
		Debug|Any CPU = Debug|Any CPU
		Release|Any CPU = Release|Any CPU
	EndGlobalSection
	GlobalSection(ProjectConfigurationPlatforms) = postSolution
		{65FAAE19-F099-44AE-9B07-4FC3D829ACFE}.Debug|Any CPU.ActiveCfg = Debug|Any CPU
		{65FAAE19-F099-44AE-9B07-4FC3D829ACFE}.Debug|Any CPU.Build.0 = Debug|Any CPU
		{65FAAE19-F099-44AE-9B07-4FC3D829ACFE}.Release|Any CPU.ActiveCfg = Release|Any CPU
		{65FAAE19-F099-44AE-9B07-4FC3D829ACFE}.Release|Any CPU.Build.0 = Release|Any CPU
		{D1B136DA-5310-40BA-BA0F-995454C8B32D}.Debug|Any CPU.ActiveCfg = Debug|Any CPU
		{D1B136DA-5310-40BA-BA0F-995454C8B32D}.Debug|Any CPU.Build.0 = Debug|Any CPU
		{D1B136DA-5310-40BA-BA0F-995454C8B32D}.Release|Any CPU.ActiveCfg = Release|Any CPU
		{D1B136DA-5310-40BA-BA0F-995454C8B32D}.Release|Any CPU.Build.0 = Release|Any CPU
		{71050CCD-7C74-42D4-BB1A-2C05C9A2A78F}.Debug|Any CPU.ActiveCfg = Debug|Any CPU
		{71050CCD-7C74-42D4-BB1A-2C05C9A2A78F}.Debug|Any CPU.Build.0 = Debug|Any CPU
		{71050CCD-7C74-42D4-BB1A-2C05C9A2A78F}.Release|Any CPU.ActiveCfg = Release|Any CPU
		{71050CCD-7C74-42D4-BB1A-2C05C9A2A78F}.Release|Any CPU.Build.0 = Release|Any CPU
		{181CDF06-04DA-42CD-9449-D9FF77A452A2}.Debug|Any CPU.ActiveCfg = Debug|Any CPU
		{181CDF06-04DA-42CD-9449-D9FF77A452A2}.Debug|Any CPU.Build.0 = Debug|Any CPU
		{181CDF06-04DA-42CD-9449-D9FF77A452A2}.Release|Any CPU.ActiveCfg = Release|Any CPU
		{181CDF06-04DA-42CD-9449-D9FF77A452A2}.Release|Any CPU.Build.0 = Release|Any CPU
	EndGlobalSection
	GlobalSection(SolutionProperties) = preSolution
		HideSolutionNode = FALSE
	EndGlobalSection
	GlobalSection(NestedProjects) = preSolution
		{65FAAE19-F099-44AE-9B07-4FC3D829ACFE} = {18BAC677-B9B7-4967-A63C-69A5D4B5F797}
		{D1B136DA-5310-40BA-BA0F-995454C8B32D} = {18BAC677-B9B7-4967-A63C-69A5D4B5F797}
		{71050CCD-7C74-42D4-BB1A-2C05C9A2A78F} = {BA6F9584-5102-4665-A9AB-D30564738340}
		{181CDF06-04DA-42CD-9449-D9FF77A452A2} = {F5E63B08-5FB2-4AAD-88E4-946510FCC4D9}
	EndGlobalSection
	GlobalSection(ExtensibilityGlobals) = postSolution
		SolutionGuid = {BFAA687A-BDA5-4E8A-95AA-F140A3BFA66E}
	EndGlobalSection
EndGlobal
